// !$*UTF8*$!
{
	archiveVersion = 1;
	classes = {
	};
	objectVersion = 56;
	objects = {

/* Begin PBXBuildFile section */
		5ACFEF722A49A05D00A6D951 /* DataType.m in Sources */ = {isa = PBXBuildFile; fileRef = 5ACFEF712A49A05D00A6D951 /* DataType.m */; };
		5ACFEF742A49B01400A6D951 /* Calculator.m in Sources */ = {isa = PBXBuildFile; fileRef = 5ACFEF732A49B01400A6D951 /* Calculator.m */; };
		5ACFEF762A49E07F00A6D951 /* Looping.m in Sources */ = {isa = PBXBuildFile; fileRef = 5ACFEF752A49E07F00A6D951 /* Looping.m */; };
		5ACFEF782A49F6E200A6D951 /* MakingDecisions.m in Sources */ = {isa = PBXBuildFile; fileRef = 5ACFEF772A49F6E200A6D951 /* MakingDecisions.m */; };
		5ACFEF7A2A4A6BBC00A6D951 /* main.m in Sources */ = {isa = PBXBuildFile; fileRef = 5ACFEF792A4A6BBC00A6D951 /* main.m */; };
		5ACFEF832A4A93AD00A6D951 /* ClassA.m in Sources */ = {isa = PBXBuildFile; fileRef = 5ACFEF822A4A93AD00A6D951 /* ClassA.m */; };
		5ACFEF862A4AB90200A6D951 /* ClassB.m in Sources */ = {isa = PBXBuildFile; fileRef = 5ACFEF852A4AB90200A6D951 /* ClassB.m */; };
		5ACFEF8A2A4AC3C100A6D951 /* Rectangle.m in Sources */ = {isa = PBXBuildFile; fileRef = 5ACFEF892A4AC3C100A6D951 /* Rectangle.m */; };
		5ACFEF8E2A4AC52000A6D951 /* Point.m in Sources */ = {isa = PBXBuildFile; fileRef = 5ACFEF8D2A4AC52000A6D951 /* Point.m */; };
		5ACFEF932A4B0F9F00A6D951 /* Complex.m in Sources */ = {isa = PBXBuildFile; fileRef = 5ACFEF922A4B0F9F00A6D951 /* Complex.m */; };
		5AFBF55B2A37589C0037E851 /* Fraction.m in Sources */ = {isa = PBXBuildFile; fileRef = 5AFBF55A2A37589C0037E851 /* Fraction.m */; };
/* End PBXBuildFile section */

/* Begin PBXCopyFilesBuildPhase section */
		5AFBF5552A37589C0037E851 /* CopyFiles */ = {
			isa = PBXCopyFilesBuildPhase;
			buildActionMask = 2147483647;
			dstPath = /usr/share/man/man1/;
			dstSubfolderSpec = 0;
			files = (
			);
			runOnlyForDeploymentPostprocessing = 1;
		};
/* End PBXCopyFilesBuildPhase section */

/* Begin PBXFileReference section */
		5ACFEF712A49A05D00A6D951 /* DataType.m */ = {isa = PBXFileReference; lastKnownFileType = sourcecode.c.objc; path = DataType.m; sourceTree = "<group>"; };
		5ACFEF732A49B01400A6D951 /* Calculator.m */ = {isa = PBXFileReference; lastKnownFileType = sourcecode.c.objc; path = Calculator.m; sourceTree = "<group>"; };
		5ACFEF752A49E07F00A6D951 /* Looping.m */ = {isa = PBXFileReference; lastKnownFileType = sourcecode.c.objc; path = Looping.m; sourceTree = "<group>"; };
		5ACFEF772A49F6E200A6D951 /* MakingDecisions.m */ = {isa = PBXFileReference; lastKnownFileType = sourcecode.c.objc; path = MakingDecisions.m; sourceTree = "<group>"; };
		5ACFEF792A4A6BBC00A6D951 /* main.m */ = {isa = PBXFileReference; lastKnownFileType = sourcecode.c.objc; path = main.m; sourceTree = "<group>"; };
		5ACFEF7D2A4A6CAF00A6D951 /* Fraction.h */ = {isa = PBXFileReference; lastKnownFileType = sourcecode.c.h; path = Fraction.h; sourceTree = "<group>"; };
		5ACFEF802A4A933A00A6D951 /* ClassA.h */ = {isa = PBXFileReference; lastKnownFileType = sourcecode.c.h; path = ClassA.h; sourceTree = "<group>"; };
		5ACFEF822A4A93AD00A6D951 /* ClassA.m */ = {isa = PBXFileReference; lastKnownFileType = sourcecode.c.objc; path = ClassA.m; sourceTree = "<group>"; };
		5ACFEF842A4AB8E200A6D951 /* ClassB.h */ = {isa = PBXFileReference; lastKnownFileType = sourcecode.c.h; path = ClassB.h; sourceTree = "<group>"; };
		5ACFEF852A4AB90200A6D951 /* ClassB.m */ = {isa = PBXFileReference; lastKnownFileType = sourcecode.c.objc; path = ClassB.m; sourceTree = "<group>"; };
		5ACFEF882A4AC36700A6D951 /* Rectangle.h */ = {isa = PBXFileReference; lastKnownFileType = sourcecode.c.h; path = Rectangle.h; sourceTree = "<group>"; };
		5ACFEF892A4AC3C100A6D951 /* Rectangle.m */ = {isa = PBXFileReference; lastKnownFileType = sourcecode.c.objc; path = Rectangle.m; sourceTree = "<group>"; };
		5ACFEF8C2A4AC4CF00A6D951 /* Point.h */ = {isa = PBXFileReference; lastKnownFileType = sourcecode.c.h; path = Point.h; sourceTree = "<group>"; };
		5ACFEF8D2A4AC52000A6D951 /* Point.m */ = {isa = PBXFileReference; lastKnownFileType = sourcecode.c.objc; path = Point.m; sourceTree = "<group>"; };
		5ACFEF912A4B0F2000A6D951 /* Complex.h */ = {isa = PBXFileReference; lastKnownFileType = sourcecode.c.h; path = Complex.h; sourceTree = "<group>"; };
		5ACFEF922A4B0F9F00A6D951 /* Complex.m */ = {isa = PBXFileReference; lastKnownFileType = sourcecode.c.objc; path = Complex.m; sourceTree = "<group>"; };
		5AFBF5572A37589C0037E851 /* ObjcComandlineTool */ = {isa = PBXFileReference; explicitFileType = "compiled.mach-o.executable"; includeInIndex = 0; path = ObjcComandlineTool; sourceTree = BUILT_PRODUCTS_DIR; };
		5AFBF55A2A37589C0037E851 /* Fraction.m */ = {isa = PBXFileReference; lastKnownFileType = sourcecode.c.objc; path = Fraction.m; sourceTree = "<group>"; };
/* End PBXFileReference section */

/* Begin PBXFrameworksBuildPhase section */
		5AFBF5542A37589C0037E851 /* Frameworks */ = {
			isa = PBXFrameworksBuildPhase;
			buildActionMask = 2147483647;
			files = (
			);
			runOnlyForDeploymentPostprocessing = 0;
		};
/* End PBXFrameworksBuildPhase section */

/* Begin PBXGroup section */
		5ACFEF7B2A4A6BDF00A6D951 /* TypeAndStatement */ = {
			isa = PBXGroup;
			children = (
				5ACFEF732A49B01400A6D951 /* Calculator.m */,
				5ACFEF752A49E07F00A6D951 /* Looping.m */,
				5ACFEF772A49F6E200A6D951 /* MakingDecisions.m */,
				5ACFEF712A49A05D00A6D951 /* DataType.m */,
			);
			path = TypeAndStatement;
			sourceTree = "<group>";
		};
		5ACFEF7E2A4A931200A6D951 /* Fraction */ = {
			isa = PBXGroup;
			children = (
				5AFBF55A2A37589C0037E851 /* Fraction.m */,
				5ACFEF7D2A4A6CAF00A6D951 /* Fraction.h */,
			);
			path = Fraction;
			sourceTree = "<group>";
		};
		5ACFEF7F2A4A932200A6D951 /* Inheritance */ = {
			isa = PBXGroup;
			children = (
				5ACFEF8B2A4AC4C400A6D951 /* Point */,
				5ACFEF872A4AC35800A6D951 /* Rectangle */,
				5ACFEF802A4A933A00A6D951 /* ClassA.h */,
				5ACFEF822A4A93AD00A6D951 /* ClassA.m */,
				5ACFEF842A4AB8E200A6D951 /* ClassB.h */,
				5ACFEF852A4AB90200A6D951 /* ClassB.m */,
			);
			path = Inheritance;
			sourceTree = "<group>";
		};
		5ACFEF872A4AC35800A6D951 /* Rectangle */ = {
			isa = PBXGroup;
			children = (
				5ACFEF882A4AC36700A6D951 /* Rectangle.h */,
				5ACFEF892A4AC3C100A6D951 /* Rectangle.m */,
			);
			path = Rectangle;
			sourceTree = "<group>";
		};
		5ACFEF8B2A4AC4C400A6D951 /* Point */ = {
			isa = PBXGroup;
			children = (
				5ACFEF8C2A4AC4CF00A6D951 /* Point.h */,
				5ACFEF8D2A4AC52000A6D951 /* Point.m */,
			);
			path = Point;
			sourceTree = "<group>";
		};
		5ACFEF8F2A4B0B1400A6D951 /* Basic Data type */ = {
			isa = PBXGroup;
			children = (
				5ACFEF7E2A4A931200A6D951 /* Fraction */,
			);
			path = "Basic Data type";
			sourceTree = "<group>";
		};
		5ACFEF902A4B0B2400A6D951 /* Polymorphism */ = {
			isa = PBXGroup;
			children = (
				5ACFEF912A4B0F2000A6D951 /* Complex.h */,
				5ACFEF922A4B0F9F00A6D951 /* Complex.m */,
			);
			path = Polymorphism;
			sourceTree = "<group>";
		};
		5AFBF54E2A37589C0037E851 = {
			isa = PBXGroup;
			children = (
				5AFBF5592A37589C0037E851 /* ObjcComandlineTool */,
				5AFBF5582A37589C0037E851 /* Products */,
			);
			sourceTree = "<group>";
		};
		5AFBF5582A37589C0037E851 /* Products */ = {
			isa = PBXGroup;
			children = (
				5AFBF5572A37589C0037E851 /* ObjcComandlineTool */,
			);
			name = Products;
			sourceTree = "<group>";
		};
		5AFBF5592A37589C0037E851 /* ObjcComandlineTool */ = {
			isa = PBXGroup;
			children = (
				5ACFEF902A4B0B2400A6D951 /* Polymorphism */,
				5ACFEF8F2A4B0B1400A6D951 /* Basic Data type */,
				5ACFEF7F2A4A932200A6D951 /* Inheritance */,
				5ACFEF792A4A6BBC00A6D951 /* main.m */,
				5ACFEF7B2A4A6BDF00A6D951 /* TypeAndStatement */,
			);
			path = ObjcComandlineTool;
			sourceTree = "<group>";
		};
/* End PBXGroup section */

/* Begin PBXNativeTarget section */
		5AFBF5562A37589C0037E851 /* ObjcComandlineTool */ = {
			isa = PBXNativeTarget;
			buildConfigurationList = 5AFBF55E2A37589C0037E851 /* Build configuration list for PBXNativeTarget "ObjcComandlineTool" */;
			buildPhases = (
				5AFBF5532A37589C0037E851 /* Sources */,
				5AFBF5542A37589C0037E851 /* Frameworks */,
				5AFBF5552A37589C0037E851 /* CopyFiles */,
			);
			buildRules = (
			);
			dependencies = (
			);
			name = ObjcComandlineTool;
			productName = ObjcComandlineTool;
			productReference = 5AFBF5572A37589C0037E851 /* ObjcComandlineTool */;
			productType = "com.apple.product-type.tool";
		};
/* End PBXNativeTarget section */

/* Begin PBXProject section */
		5AFBF54F2A37589C0037E851 /* Project object */ = {
			isa = PBXProject;
			attributes = {
				BuildIndependentTargetsInParallel = 1;
				LastUpgradeCheck = 1420;
				TargetAttributes = {
					5AFBF5562A37589C0037E851 = {
						CreatedOnToolsVersion = 14.2;
					};
				};
			};
			buildConfigurationList = 5AFBF5522A37589C0037E851 /* Build configuration list for PBXProject "ObjcComandlineTool" */;
			compatibilityVersion = "Xcode 14.0";
			developmentRegion = en;
			hasScannedForEncodings = 0;
			knownRegions = (
				en,
				Base,
			);
			mainGroup = 5AFBF54E2A37589C0037E851;
			productRefGroup = 5AFBF5582A37589C0037E851 /* Products */;
			projectDirPath = "";
			projectRoot = "";
			targets = (
				5AFBF5562A37589C0037E851 /* ObjcComandlineTool */,
			);
		};
/* End PBXProject section */

/* Begin PBXSourcesBuildPhase section */
		5AFBF5532A37589C0037E851 /* Sources */ = {
			isa = PBXSourcesBuildPhase;
			buildActionMask = 2147483647;
			files = (
				5ACFEF762A49E07F00A6D951 /* Looping.m in Sources */,
				5ACFEF742A49B01400A6D951 /* Calculator.m in Sources */,
				5ACFEF932A4B0F9F00A6D951 /* Complex.m in Sources */,
				5ACFEF8A2A4AC3C100A6D951 /* Rectangle.m in Sources */,
				5ACFEF782A49F6E200A6D951 /* MakingDecisions.m in Sources */,
				5ACFEF862A4AB90200A6D951 /* ClassB.m in Sources */,
				5AFBF55B2A37589C0037E851 /* Fraction.m in Sources */,
				5ACFEF7A2A4A6BBC00A6D951 /* main.m in Sources */,
				5ACFEF832A4A93AD00A6D951 /* ClassA.m in Sources */,
				5ACFEF8E2A4AC52000A6D951 /* Point.m in Sources */,
				5ACFEF722A49A05D00A6D951 /* DataType.m in Sources */,
			);
			runOnlyForDeploymentPostprocessing = 0;
		};
/* End PBXSourcesBuildPhase section */

/* Begin XCBuildConfiguration section */
		5AFBF55C2A37589C0037E851 /* Debug */ = {
			isa = XCBuildConfiguration;
			buildSettings = {
				ALWAYS_SEARCH_USER_PATHS = NO;
				CLANG_ANALYZER_NONNULL = YES;
				CLANG_ANALYZER_NUMBER_OBJECT_CONVERSION = YES_AGGRESSIVE;
				CLANG_CXX_LANGUAGE_STANDARD = "gnu++20";
				CLANG_ENABLE_MODULES = YES;
				CLANG_ENABLE_OBJC_ARC = YES;
				CLANG_ENABLE_OBJC_WEAK = YES;
				CLANG_WARN_BLOCK_CAPTURE_AUTORELEASING = YES;
				CLANG_WARN_BOOL_CONVERSION = YES;
				CLANG_WARN_COMMA = YES;
				CLANG_WARN_CONSTANT_CONVERSION = YES;
				CLANG_WARN_DEPRECATED_OBJC_IMPLEMENTATIONS = YES;
				CLANG_WARN_DIRECT_OBJC_ISA_USAGE = YES_ERROR;
				CLANG_WARN_DOCUMENTATION_COMMENTS = YES;
				CLANG_WARN_EMPTY_BODY = YES;
				CLANG_WARN_ENUM_CONVERSION = YES;
				CLANG_WARN_INFINITE_RECURSION = YES;
				CLANG_WARN_INT_CONVERSION = YES;
				CLANG_WARN_NON_LITERAL_NULL_CONVERSION = YES;
				CLANG_WARN_OBJC_IMPLICIT_RETAIN_SELF = YES;
				CLANG_WARN_OBJC_LITERAL_CONVERSION = YES;
				CLANG_WARN_OBJC_ROOT_CLASS = YES_ERROR;
				CLANG_WARN_QUOTED_INCLUDE_IN_FRAMEWORK_HEADER = YES;
				CLANG_WARN_RANGE_LOOP_ANALYSIS = YES;
				CLANG_WARN_STRICT_PROTOTYPES = YES;
				CLANG_WARN_SUSPICIOUS_MOVE = YES;
				CLANG_WARN_UNGUARDED_AVAILABILITY = YES_AGGRESSIVE;
				CLANG_WARN_UNREACHABLE_CODE = YES;
				CLANG_WARN__DUPLICATE_METHOD_MATCH = YES;
				COPY_PHASE_STRIP = NO;
				DEBUG_INFORMATION_FORMAT = dwarf;
				ENABLE_STRICT_OBJC_MSGSEND = YES;
				ENABLE_TESTABILITY = YES;
				GCC_C_LANGUAGE_STANDARD = gnu11;
				GCC_DYNAMIC_NO_PIC = NO;
				GCC_NO_COMMON_BLOCKS = YES;
				GCC_OPTIMIZATION_LEVEL = 0;
				GCC_PREPROCESSOR_DEFINITIONS = (
					"DEBUG=1",
					"$(inherited)",
				);
				GCC_WARN_64_TO_32_BIT_CONVERSION = YES;
				GCC_WARN_ABOUT_RETURN_TYPE = YES_ERROR;
				GCC_WARN_UNDECLARED_SELECTOR = YES;
				GCC_WARN_UNINITIALIZED_AUTOS = YES_AGGRESSIVE;
				GCC_WARN_UNUSED_FUNCTION = YES;
				GCC_WARN_UNUSED_VARIABLE = YES;
				MACOSX_DEPLOYMENT_TARGET = 13.0;
				MTL_ENABLE_DEBUG_INFO = INCLUDE_SOURCE;
				MTL_FAST_MATH = YES;
				ONLY_ACTIVE_ARCH = YES;
				SDKROOT = macosx;
			};
			name = Debug;
		};
		5AFBF55D2A37589C0037E851 /* Release */ = {
			isa = XCBuildConfiguration;
			buildSettings = {
				ALWAYS_SEARCH_USER_PATHS = NO;
				CLANG_ANALYZER_NONNULL = YES;
				CLANG_ANALYZER_NUMBER_OBJECT_CONVERSION = YES_AGGRESSIVE;
				CLANG_CXX_LANGUAGE_STANDARD = "gnu++20";
				CLANG_ENABLE_MODULES = YES;
				CLANG_ENABLE_OBJC_ARC = YES;
				CLANG_ENABLE_OBJC_WEAK = YES;
				CLANG_WARN_BLOCK_CAPTURE_AUTORELEASING = YES;
				CLANG_WARN_BOOL_CONVERSION = YES;
				CLANG_WARN_COMMA = YES;
				CLANG_WARN_CONSTANT_CONVERSION = YES;
				CLANG_WARN_DEPRECATED_OBJC_IMPLEMENTATIONS = YES;
				CLANG_WARN_DIRECT_OBJC_ISA_USAGE = YES_ERROR;
				CLANG_WARN_DOCUMENTATION_COMMENTS = YES;
				CLANG_WARN_EMPTY_BODY = YES;
				CLANG_WARN_ENUM_CONVERSION = YES;
				CLANG_WARN_INFINITE_RECURSION = YES;
				CLANG_WARN_INT_CONVERSION = YES;
				CLANG_WARN_NON_LITERAL_NULL_CONVERSION = YES;
				CLANG_WARN_OBJC_IMPLICIT_RETAIN_SELF = YES;
				CLANG_WARN_OBJC_LITERAL_CONVERSION = YES;
				CLANG_WARN_OBJC_ROOT_CLASS = YES_ERROR;
				CLANG_WARN_QUOTED_INCLUDE_IN_FRAMEWORK_HEADER = YES;
				CLANG_WARN_RANGE_LOOP_ANALYSIS = YES;
				CLANG_WARN_STRICT_PROTOTYPES = YES;
				CLANG_WARN_SUSPICIOUS_MOVE = YES;
				CLANG_WARN_UNGUARDED_AVAILABILITY = YES_AGGRESSIVE;
				CLANG_WARN_UNREACHABLE_CODE = YES;
				CLANG_WARN__DUPLICATE_METHOD_MATCH = YES;
				COPY_PHASE_STRIP = NO;
				DEBUG_INFORMATION_FORMAT = "dwarf-with-dsym";
				ENABLE_NS_ASSERTIONS = NO;
				ENABLE_STRICT_OBJC_MSGSEND = YES;
				GCC_C_LANGUAGE_STANDARD = gnu11;
				GCC_NO_COMMON_BLOCKS = YES;
				GCC_WARN_64_TO_32_BIT_CONVERSION = YES;
				GCC_WARN_ABOUT_RETURN_TYPE = YES_ERROR;
				GCC_WARN_UNDECLARED_SELECTOR = YES;
				GCC_WARN_UNINITIALIZED_AUTOS = YES_AGGRESSIVE;
				GCC_WARN_UNUSED_FUNCTION = YES;
				GCC_WARN_UNUSED_VARIABLE = YES;
				MACOSX_DEPLOYMENT_TARGET = 13.0;
				MTL_ENABLE_DEBUG_INFO = NO;
				MTL_FAST_MATH = YES;
				SDKROOT = macosx;
			};
			name = Release;
		};
		5AFBF55F2A37589C0037E851 /* Debug */ = {
			isa = XCBuildConfiguration;
			buildSettings = {
				CODE_SIGN_STYLE = Automatic;
				DEVELOPMENT_TEAM = NM9YBSUGNH;
				ENABLE_HARDENED_RUNTIME = YES;
				PRODUCT_NAME = "$(TARGET_NAME)";
			};
			name = Debug;
		};
		5AFBF5602A37589C0037E851 /* Release */ = {
			isa = XCBuildConfiguration;
			buildSettings = {
				CODE_SIGN_STYLE = Automatic;
				DEVELOPMENT_TEAM = NM9YBSUGNH;
				ENABLE_HARDENED_RUNTIME = YES;
				PRODUCT_NAME = "$(TARGET_NAME)";
			};
			name = Release;
		};
/* End XCBuildConfiguration section */

/* Begin XCConfigurationList section */
		5AFBF5522A37589C0037E851 /* Build configuration list for PBXProject "ObjcComandlineTool" */ = {
			isa = XCConfigurationList;
			buildConfigurations = (
				5AFBF55C2A37589C0037E851 /* Debug */,
				5AFBF55D2A37589C0037E851 /* Release */,
			);
			defaultConfigurationIsVisible = 0;
			defaultConfigurationName = Release;
		};
		5AFBF55E2A37589C0037E851 /* Build configuration list for PBXNativeTarget "ObjcComandlineTool" */ = {
			isa = XCConfigurationList;
			buildConfigurations = (
				5AFBF55F2A37589C0037E851 /* Debug */,
				5AFBF5602A37589C0037E851 /* Release */,
			);
			defaultConfigurationIsVisible = 0;
			defaultConfigurationName = Release;
		};
/* End XCConfigurationList section */
	};
	rootObject = 5AFBF54F2A37589C0037E851 /* Project object */;
}
